
Microsoft Visual Studio Solution File, Format Version 12.00
# Visual Studio Version 17
VisualStudioVersion = 17.7.34221.43
MinimumVisualStudioVersion = 10.0.40219.1
Project("{9A19103F-16F7-4668-BE54-9A1E7A4F7556}") = "TaskManagmentAPI", "TaskManagmentAPI\TaskManagmentAPI.csproj", "{3E76A2DC-3525-4002-8406-C1126973B4DB}"
EndProject
Project("{FAE04EC0-301F-11D3-BF4B-00C04F79EFBC}") = "Task.Test", "Task.Test\Task.Test.csproj", "{6FFCFE8A-17CA-4F1D-861B-1FCE3B2D8FEA}"
EndProject
Global
	GlobalSection(SolutionConfigurationPlatforms) = preSolution
		Debug|Any CPU = Debug|Any CPU
		Release|Any CPU = Release|Any CPU
	EndGlobalSection
	GlobalSection(ProjectConfigurationPlatforms) = postSolution
		{3E76A2DC-3525-4002-8406-C1126973B4DB}.Debug|Any CPU.ActiveCfg = Debug|Any CPU
		{3E76A2DC-3525-4002-8406-C1126973B4DB}.Debug|Any CPU.Build.0 = Debug|Any CPU
		{3E76A2DC-3525-4002-8406-C1126973B4DB}.Release|Any CPU.ActiveCfg = Release|Any CPU
		{3E76A2DC-3525-4002-8406-C1126973B4DB}.Release|Any CPU.Build.0 = Release|Any CPU
		{6FFCFE8A-17CA-4F1D-861B-1FCE3B2D8FEA}.Debug|Any CPU.ActiveCfg = Debug|Any CPU
		{6FFCFE8A-17CA-4F1D-861B-1FCE3B2D8FEA}.Debug|Any CPU.Build.0 = Debug|Any CPU
		{6FFCFE8A-17CA-4F1D-861B-1FCE3B2D8FEA}.Release|Any CPU.ActiveCfg = Release|Any CPU
		{6FFCFE8A-17CA-4F1D-861B-1FCE3B2D8FEA}.Release|Any CPU.Build.0 = Release|Any CPU
	EndGlobalSection
	GlobalSection(SolutionProperties) = preSolution
		HideSolutionNode = FALSE
	EndGlobalSection
	GlobalSection(ExtensibilityGlobals) = postSolution
		SolutionGuid = {3590DA7E-3F9B-472B-8179-CB08DB226BEE}
	EndGlobalSection
EndGlobal
